// !$*UTF8*$!
{
	archiveVersion = 1;
	classes = {
	};
	objectVersion = 56;
	objects = {

/* Begin PBXBuildFile section */
		844988742C061AF400EC4F0B /* VPOIOSApp.swift in Sources */ = {isa = PBXBuildFile; fileRef = 844988732C061AF400EC4F0B /* VPOIOSApp.swift */; };
		844988762C061AF500EC4F0B /* ContentView.swift in Sources */ = {isa = PBXBuildFile; fileRef = 844988752C061AF500EC4F0B /* ContentView.swift */; };
		844988782C061AF600EC4F0B /* Assets.xcassets in Resources */ = {isa = PBXBuildFile; fileRef = 844988772C061AF600EC4F0B /* Assets.xcassets */; };
		8449887C2C061AF600EC4F0B /* Preview Assets.xcassets in Resources */ = {isa = PBXBuildFile; fileRef = 8449887B2C061AF600EC4F0B /* Preview Assets.xcassets */; };
		844988862C061AF700EC4F0B /* VPOIOSTests.swift in Sources */ = {isa = PBXBuildFile; fileRef = 844988852C061AF700EC4F0B /* VPOIOSTests.swift */; };
		844988902C061AF700EC4F0B /* VPOIOSUITests.swift in Sources */ = {isa = PBXBuildFile; fileRef = 8449888F2C061AF700EC4F0B /* VPOIOSUITests.swift */; };
		844988922C061AF700EC4F0B /* VPOIOSUITestsLaunchTests.swift in Sources */ = {isa = PBXBuildFile; fileRef = 844988912C061AF700EC4F0B /* VPOIOSUITestsLaunchTests.swift */; };
/* End PBXBuildFile section */

/* Begin PBXContainerItemProxy section */
		844988822C061AF700EC4F0B /* PBXContainerItemProxy */ = {
			isa = PBXContainerItemProxy;
			containerPortal = 844988682C061AF400EC4F0B /* Project object */;
			proxyType = 1;
			remoteGlobalIDString = 8449886F2C061AF400EC4F0B;
			remoteInfo = VPOIOS;
		};
		8449888C2C061AF700EC4F0B /* PBXContainerItemProxy */ = {
			isa = PBXContainerItemProxy;
			containerPortal = 844988682C061AF400EC4F0B /* Project object */;
			proxyType = 1;
			remoteGlobalIDString = 8449886F2C061AF400EC4F0B;
			remoteInfo = VPOIOS;
		};
/* End PBXContainerItemProxy section */

/* Begin PBXFileReference section */
		844988702C061AF400EC4F0B /* VPOIOS.app */ = {isa = PBXFileReference; explicitFileType = wrapper.application; includeInIndex = 0; path = VPOIOS.app; sourceTree = BUILT_PRODUCTS_DIR; };
		844988732C061AF400EC4F0B /* VPOIOSApp.swift */ = {isa = PBXFileReference; lastKnownFileType = sourcecode.swift; path = VPOIOSApp.swift; sourceTree = "<group>"; };
		844988752C061AF500EC4F0B /* ContentView.swift */ = {isa = PBXFileReference; lastKnownFileType = sourcecode.swift; path = ContentView.swift; sourceTree = "<group>"; };
		844988772C061AF600EC4F0B /* Assets.xcassets */ = {isa = PBXFileReference; lastKnownFileType = folder.assetcatalog; path = Assets.xcassets; sourceTree = "<group>"; };
		844988792C061AF600EC4F0B /* VPOIOS.entitlements */ = {isa = PBXFileReference; lastKnownFileType = text.plist.entitlements; path = VPOIOS.entitlements; sourceTree = "<group>"; };
		8449887B2C061AF600EC4F0B /* Preview Assets.xcassets */ = {isa = PBXFileReference; lastKnownFileType = folder.assetcatalog; path = "Preview Assets.xcassets"; sourceTree = "<group>"; };
		844988812C061AF700EC4F0B /* VPOIOSTests.xctest */ = {isa = PBXFileReference; explicitFileType = wrapper.cfbundle; includeInIndex = 0; path = VPOIOSTests.xctest; sourceTree = BUILT_PRODUCTS_DIR; };
		844988852C061AF700EC4F0B /* VPOIOSTests.swift */ = {isa = PBXFileReference; lastKnownFileType = sourcecode.swift; path = VPOIOSTests.swift; sourceTree = "<group>"; };
		8449888B2C061AF700EC4F0B /* VPOIOSUITests.xctest */ = {isa = PBXFileReference; explicitFileType = wrapper.cfbundle; includeInIndex = 0; path = VPOIOSUITests.xctest; sourceTree = BUILT_PRODUCTS_DIR; };
		8449888F2C061AF700EC4F0B /* VPOIOSUITests.swift */ = {isa = PBXFileReference; lastKnownFileType = sourcecode.swift; path = VPOIOSUITests.swift; sourceTree = "<group>"; };
		844988912C061AF700EC4F0B /* VPOIOSUITestsLaunchTests.swift */ = {isa = PBXFileReference; lastKnownFileType = sourcecode.swift; path = VPOIOSUITestsLaunchTests.swift; sourceTree = "<group>"; };
/* End PBXFileReference section */

/* Begin PBXFrameworksBuildPhase section */
		8449886D2C061AF400EC4F0B /* Frameworks */ = {
			isa = PBXFrameworksBuildPhase;
			buildActionMask = 2147483647;
			files = (
			);
			runOnlyForDeploymentPostprocessing = 0;
		};
		8449887E2C061AF700EC4F0B /* Frameworks */ = {
			isa = PBXFrameworksBuildPhase;
			buildActionMask = 2147483647;
			files = (
			);
			runOnlyForDeploymentPostprocessing = 0;
		};
		844988882C061AF700EC4F0B /* Frameworks */ = {
			isa = PBXFrameworksBuildPhase;
			buildActionMask = 2147483647;
			files = (
			);
			runOnlyForDeploymentPostprocessing = 0;
		};
/* End PBXFrameworksBuildPhase section */

/* Begin PBXGroup section */
		844988672C061AF400EC4F0B = {
			isa = PBXGroup;
			children = (
				844988722C061AF400EC4F0B /* VPOIOS */,
				844988842C061AF700EC4F0B /* VPOIOSTests */,
				8449888E2C061AF700EC4F0B /* VPOIOSUITests */,
				844988712C061AF400EC4F0B /* Products */,
			);
			sourceTree = "<group>";
		};
		844988712C061AF400EC4F0B /* Products */ = {
			isa = PBXGroup;
			children = (
				844988702C061AF400EC4F0B /* VPOIOS.app */,
				844988812C061AF700EC4F0B /* VPOIOSTests.xctest */,
				8449888B2C061AF700EC4F0B /* VPOIOSUITests.xctest */,
			);
			name = Products;
			sourceTree = "<group>";
		};
		844988722C061AF400EC4F0B /* VPOIOS */ = {
			isa = PBXGroup;
			children = (
				844988732C061AF400EC4F0B /* VPOIOSApp.swift */,
				844988752C061AF500EC4F0B /* ContentView.swift */,
				844988772C061AF600EC4F0B /* Assets.xcassets */,
				844988792C061AF600EC4F0B /* VPOIOS.entitlements */,
				8449887A2C061AF600EC4F0B /* Preview Content */,
			);
			path = VPOIOS;
			sourceTree = "<group>";
		};
		8449887A2C061AF600EC4F0B /* Preview Content */ = {
			isa = PBXGroup;
			children = (
				8449887B2C061AF600EC4F0B /* Preview Assets.xcassets */,
			);
			path = "Preview Content";
			sourceTree = "<group>";
		};
		844988842C061AF700EC4F0B /* VPOIOSTests */ = {
			isa = PBXGroup;
			children = (
				844988852C061AF700EC4F0B /* VPOIOSTests.swift */,
			);
			path = VPOIOSTests;
			sourceTree = "<group>";
		};
		8449888E2C061AF700EC4F0B /* VPOIOSUITests */ = {
			isa = PBXGroup;
			children = (
				8449888F2C061AF700EC4F0B /* VPOIOSUITests.swift */,
				844988912C061AF700EC4F0B /* VPOIOSUITestsLaunchTests.swift */,
			);
			path = VPOIOSUITests;
			sourceTree = "<group>";
		};
/* End PBXGroup section */

/* Begin PBXNativeTarget section */
		8449886F2C061AF400EC4F0B /* VPOIOS */ = {
			isa = PBXNativeTarget;
			buildConfigurationList = 844988952C061AF700EC4F0B /* Build configuration list for PBXNativeTarget "VPOIOS" */;
			buildPhases = (
				8449886C2C061AF400EC4F0B /* Sources */,
				8449886D2C061AF400EC4F0B /* Frameworks */,
				8449886E2C061AF400EC4F0B /* Resources */,
			);
			buildRules = (
			);
			dependencies = (
			);
			name = VPOIOS;
			productName = VPOIOS;
			productReference = 844988702C061AF400EC4F0B /* VPOIOS.app */;
			productType = "com.apple.product-type.application";
		};
		844988802C061AF700EC4F0B /* VPOIOSTests */ = {
			isa = PBXNativeTarget;
			buildConfigurationList = 844988982C061AF700EC4F0B /* Build configuration list for PBXNativeTarget "VPOIOSTests" */;
			buildPhases = (
				8449887D2C061AF700EC4F0B /* Sources */,
				8449887E2C061AF700EC4F0B /* Frameworks */,
				8449887F2C061AF700EC4F0B /* Resources */,
			);
			buildRules = (
			);
			dependencies = (
				844988832C061AF700EC4F0B /* PBXTargetDependency */,
			);
			name = VPOIOSTests;
			productName = VPOIOSTests;
			productReference = 844988812C061AF700EC4F0B /* VPOIOSTests.xctest */;
			productType = "com.apple.product-type.bundle.unit-test";
		};
		8449888A2C061AF700EC4F0B /* VPOIOSUITests */ = {
			isa = PBXNativeTarget;
			buildConfigurationList = 8449889B2C061AF700EC4F0B /* Build configuration list for PBXNativeTarget "VPOIOSUITests" */;
			buildPhases = (
				844988872C061AF700EC4F0B /* Sources */,
				844988882C061AF700EC4F0B /* Frameworks */,
				844988892C061AF700EC4F0B /* Resources */,
			);
			buildRules = (
			);
			dependencies = (
				8449888D2C061AF700EC4F0B /* PBXTargetDependency */,
			);
			name = VPOIOSUITests;
			productName = VPOIOSUITests;
			productReference = 8449888B2C061AF700EC4F0B /* VPOIOSUITests.xctest */;
			productType = "com.apple.product-type.bundle.ui-testing";
		};
/* End PBXNativeTarget section */

/* Begin PBXProject section */
		844988682C061AF400EC4F0B /* Project object */ = {
			isa = PBXProject;
			attributes = {
				BuildIndependentTargetsInParallel = 1;
				LastSwiftUpdateCheck = 1540;
				LastUpgradeCheck = 1540;
				TargetAttributes = {
					8449886F2C061AF400EC4F0B = {
						CreatedOnToolsVersion = 15.4;
					};
					844988802C061AF700EC4F0B = {
						CreatedOnToolsVersion = 15.4;
						TestTargetID = 8449886F2C061AF400EC4F0B;
					};
					8449888A2C061AF700EC4F0B = {
						CreatedOnToolsVersion = 15.4;
						TestTargetID = 8449886F2C061AF400EC4F0B;
					};
				};
			};
			buildConfigurationList = 8449886B2C061AF400EC4F0B /* Build configuration list for PBXProject "VPOIOS" */;
			compatibilityVersion = "Xcode 14.0";
			developmentRegion = en;
			hasScannedForEncodings = 0;
			knownRegions = (
				en,
				Base,
			);
			mainGroup = 844988672C061AF400EC4F0B;
			productRefGroup = 844988712C061AF400EC4F0B /* Products */;
			projectDirPath = "";
			projectRoot = "";
			targets = (
				8449886F2C061AF400EC4F0B /* VPOIOS */,
				844988802C061AF700EC4F0B /* VPOIOSTests */,
				8449888A2C061AF700EC4F0B /* VPOIOSUITests */,
			);
		};
/* End PBXProject section */

/* Begin PBXResourcesBuildPhase section */
		8449886E2C061AF400EC4F0B /* Resources */ = {
			isa = PBXResourcesBuildPhase;
			buildActionMask = 2147483647;
			files = (
				8449887C2C061AF600EC4F0B /* Preview Assets.xcassets in Resources */,
				844988782C061AF600EC4F0B /* Assets.xcassets in Resources */,
			);
			runOnlyForDeploymentPostprocessing = 0;
		};
		8449887F2C061AF700EC4F0B /* Resources */ = {
			isa = PBXResourcesBuildPhase;
			buildActionMask = 2147483647;
			files = (
			);
			runOnlyForDeploymentPostprocessing = 0;
		};
		844988892C061AF700EC4F0B /* Resources */ = {
			isa = PBXResourcesBuildPhase;
			buildActionMask = 2147483647;
			files = (
			);
			runOnlyForDeploymentPostprocessing = 0;
		};
/* End PBXResourcesBuildPhase section */

/* Begin PBXSourcesBuildPhase section */
		8449886C2C061AF400EC4F0B /* Sources */ = {
			isa = PBXSourcesBuildPhase;
			buildActionMask = 2147483647;
			files = (
				844988762C061AF500EC4F0B /* ContentView.swift in Sources */,
				844988742C061AF400EC4F0B /* VPOIOSApp.swift in Sources */,
			);
			runOnlyForDeploymentPostprocessing = 0;
		};
		8449887D2C061AF700EC4F0B /* Sources */ = {
			isa = PBXSourcesBuildPhase;
			buildActionMask = 2147483647;
			files = (
				844988862C061AF700EC4F0B /* VPOIOSTests.swift in Sources */,
			);
			runOnlyForDeploymentPostprocessing = 0;
		};
		844988872C061AF700EC4F0B /* Sources */ = {
			isa = PBXSourcesBuildPhase;
			buildActionMask = 2147483647;
			files = (
				844988922C061AF700EC4F0B /* VPOIOSUITestsLaunchTests.swift in Sources */,
				844988902C061AF700EC4F0B /* VPOIOSUITests.swift in Sources */,
			);
			runOnlyForDeploymentPostprocessing = 0;
		};
/* End PBXSourcesBuildPhase section */

/* Begin PBXTargetDependency section */
		844988832C061AF700EC4F0B /* PBXTargetDependency */ = {
			isa = PBXTargetDependency;
			target = 8449886F2C061AF400EC4F0B /* VPOIOS */;
			targetProxy = 844988822C061AF700EC4F0B /* PBXContainerItemProxy */;
		};
		8449888D2C061AF700EC4F0B /* PBXTargetDependency */ = {
			isa = PBXTargetDependency;
			target = 8449886F2C061AF400EC4F0B /* VPOIOS */;
			targetProxy = 8449888C2C061AF700EC4F0B /* PBXContainerItemProxy */;
		};
/* End PBXTargetDependency section */

/* Begin XCBuildConfiguration section */
		844988932C061AF700EC4F0B /* Debug */ = {
			isa = XCBuildConfiguration;
			buildSettings = {
				ALWAYS_SEARCH_USER_PATHS = NO;
				ASSETCATALOG_COMPILER_GENERATE_SWIFT_ASSET_SYMBOL_EXTENSIONS = YES;
				CLANG_ANALYZER_NONNULL = YES;
				CLANG_ANALYZER_NUMBER_OBJECT_CONVERSION = YES_AGGRESSIVE;
				CLANG_CXX_LANGUAGE_STANDARD = "gnu++20";
				CLANG_ENABLE_MODULES = YES;
				CLANG_ENABLE_OBJC_ARC = YES;
				CLANG_ENABLE_OBJC_WEAK = YES;
				CLANG_WARN_BLOCK_CAPTURE_AUTORELEASING = YES;
				CLANG_WARN_BOOL_CONVERSION = YES;
				CLANG_WARN_COMMA = YES;
				CLANG_WARN_CONSTANT_CONVERSION = YES;
				CLANG_WARN_DEPRECATED_OBJC_IMPLEMENTATIONS = YES;
				CLANG_WARN_DIRECT_OBJC_ISA_USAGE = YES_ERROR;
				CLANG_WARN_DOCUMENTATION_COMMENTS = YES;
				CLANG_WARN_EMPTY_BODY = YES;
				CLANG_WARN_ENUM_CONVERSION = YES;
				CLANG_WARN_INFINITE_RECURSION = YES;
				CLANG_WARN_INT_CONVERSION = YES;
				CLANG_WARN_NON_LITERAL_NULL_CONVERSION = YES;
				CLANG_WARN_OBJC_IMPLICIT_RETAIN_SELF = YES;
				CLANG_WARN_OBJC_LITERAL_CONVERSION = YES;
				CLANG_WARN_OBJC_ROOT_CLASS = YES_ERROR;
				CLANG_WARN_QUOTED_INCLUDE_IN_FRAMEWORK_HEADER = YES;
				CLANG_WARN_RANGE_LOOP_ANALYSIS = YES;
				CLANG_WARN_STRICT_PROTOTYPES = YES;
				CLANG_WARN_SUSPICIOUS_MOVE = YES;
				CLANG_WARN_UNGUARDED_AVAILABILITY = YES_AGGRESSIVE;
				CLANG_WARN_UNREACHABLE_CODE = YES;
				CLANG_WARN__DUPLICATE_METHOD_MATCH = YES;
				COPY_PHASE_STRIP = NO;
				DEBUG_INFORMATION_FORMAT = dwarf;
				ENABLE_STRICT_OBJC_MSGSEND = YES;
				ENABLE_TESTABILITY = YES;
				ENABLE_USER_SCRIPT_SANDBOXING = YES;
				GCC_C_LANGUAGE_STANDARD = gnu17;
				GCC_DYNAMIC_NO_PIC = NO;
				GCC_NO_COMMON_BLOCKS = YES;
				GCC_OPTIMIZATION_LEVEL = 0;
				GCC_PREPROCESSOR_DEFINITIONS = (
					"DEBUG=1",
					"$(inherited)",
				);
				GCC_WARN_64_TO_32_BIT_CONVERSION = YES;
				GCC_WARN_ABOUT_RETURN_TYPE = YES_ERROR;
				GCC_WARN_UNDECLARED_SELECTOR = YES;
				GCC_WARN_UNINITIALIZED_AUTOS = YES_AGGRESSIVE;
				GCC_WARN_UNUSED_FUNCTION = YES;
				GCC_WARN_UNUSED_VARIABLE = YES;
				LOCALIZATION_PREFERS_STRING_CATALOGS = YES;
				MTL_ENABLE_DEBUG_INFO = INCLUDE_SOURCE;
				MTL_FAST_MATH = YES;
				ONLY_ACTIVE_ARCH = YES;
				SWIFT_ACTIVE_COMPILATION_CONDITIONS = "DEBUG $(inherited)";
				SWIFT_OPTIMIZATION_LEVEL = "-Onone";
			};
			name = Debug;
		};
		844988942C061AF700EC4F0B /* Release */ = {
			isa = XCBuildConfiguration;
			buildSettings = {
				ALWAYS_SEARCH_USER_PATHS = NO;
				ASSETCATALOG_COMPILER_GENERATE_SWIFT_ASSET_SYMBOL_EXTENSIONS = YES;
				CLANG_ANALYZER_NONNULL = YES;
				CLANG_ANALYZER_NUMBER_OBJECT_CONVERSION = YES_AGGRESSIVE;
				CLANG_CXX_LANGUAGE_STANDARD = "gnu++20";
				CLANG_ENABLE_MODULES = YES;
				CLANG_ENABLE_OBJC_ARC = YES;
				CLANG_ENABLE_OBJC_WEAK = YES;
				CLANG_WARN_BLOCK_CAPTURE_AUTORELEASING = YES;
				CLANG_WARN_BOOL_CONVERSION = YES;
				CLANG_WARN_COMMA = YES;
				CLANG_WARN_CONSTANT_CONVERSION = YES;
				CLANG_WARN_DEPRECATED_OBJC_IMPLEMENTATIONS = YES;
				CLANG_WARN_DIRECT_OBJC_ISA_USAGE = YES_ERROR;
				CLANG_WARN_DOCUMENTATION_COMMENTS = YES;
				CLANG_WARN_EMPTY_BODY = YES;
				CLANG_WARN_ENUM_CONVERSION = YES;
				CLANG_WARN_INFINITE_RECURSION = YES;
				CLANG_WARN_INT_CONVERSION = YES;
				CLANG_WARN_NON_LITERAL_NULL_CONVERSION = YES;
				CLANG_WARN_OBJC_IMPLICIT_RETAIN_SELF = YES;
				CLANG_WARN_OBJC_LITERAL_CONVERSION = YES;
				CLANG_WARN_OBJC_ROOT_CLASS = YES_ERROR;
				CLANG_WARN_QUOTED_INCLUDE_IN_FRAMEWORK_HEADER = YES;
				CLANG_WARN_RANGE_LOOP_ANALYSIS = YES;
				CLANG_WARN_STRICT_PROTOTYPES = YES;
				CLANG_WARN_SUSPICIOUS_MOVE = YES;
				CLANG_WARN_UNGUARDED_AVAILABILITY = YES_AGGRESSIVE;
				CLANG_WARN_UNREACHABLE_CODE = YES;
				CLANG_WARN__DUPLICATE_METHOD_MATCH = YES;
				COPY_PHASE_STRIP = NO;
				DEBUG_INFORMATION_FORMAT = "dwarf-with-dsym";
				ENABLE_NS_ASSERTIONS = NO;
				ENABLE_STRICT_OBJC_MSGSEND = YES;
				ENABLE_USER_SCRIPT_SANDBOXING = YES;
				GCC_C_LANGUAGE_STANDARD = gnu17;
				GCC_NO_COMMON_BLOCKS = YES;
				GCC_WARN_64_TO_32_BIT_CONVERSION = YES;
				GCC_WARN_ABOUT_RETURN_TYPE = YES_ERROR;
				GCC_WARN_UNDECLARED_SELECTOR = YES;
				GCC_WARN_UNINITIALIZED_AUTOS = YES_AGGRESSIVE;
				GCC_WARN_UNUSED_FUNCTION = YES;
				GCC_WARN_UNUSED_VARIABLE = YES;
				LOCALIZATION_PREFERS_STRING_CATALOGS = YES;
				MTL_ENABLE_DEBUG_INFO = NO;
				MTL_FAST_MATH = YES;
				SWIFT_COMPILATION_MODE = wholemodule;
			};
			name = Release;
		};
		844988962C061AF700EC4F0B /* Debug */ = {
			isa = XCBuildConfiguration;
			buildSettings = {
				ASSETCATALOG_COMPILER_APPICON_NAME = AppIcon;
				ASSETCATALOG_COMPILER_GLOBAL_ACCENT_COLOR_NAME = AccentColor;
				CODE_SIGN_ENTITLEMENTS = VPOIOS/VPOIOS.entitlements;
				CODE_SIGN_STYLE = Automatic;
				CURRENT_PROJECT_VERSION = 1;
				DEVELOPMENT_ASSET_PATHS = "\"VPOIOS/Preview Content\"";
				DEVELOPMENT_TEAM = 3G52V4Z5KC;
				ENABLE_HARDENED_RUNTIME = YES;
				ENABLE_PREVIEWS = YES;
				GENERATE_INFOPLIST_FILE = YES;
				"INFOPLIST_KEY_UIApplicationSceneManifest_Generation[sdk=iphoneos*]" = YES;
				"INFOPLIST_KEY_UIApplicationSceneManifest_Generation[sdk=iphonesimulator*]" = YES;
				"INFOPLIST_KEY_UIApplicationSupportsIndirectInputEvents[sdk=iphoneos*]" = YES;
				"INFOPLIST_KEY_UIApplicationSupportsIndirectInputEvents[sdk=iphonesimulator*]" = YES;
				"INFOPLIST_KEY_UILaunchScreen_Generation[sdk=iphoneos*]" = YES;
				"INFOPLIST_KEY_UILaunchScreen_Generation[sdk=iphonesimulator*]" = YES;
				"INFOPLIST_KEY_UIStatusBarStyle[sdk=iphoneos*]" = UIStatusBarStyleDefault;
				"INFOPLIST_KEY_UIStatusBarStyle[sdk=iphonesimulator*]" = UIStatusBarStyleDefault;
				INFOPLIST_KEY_UISupportedInterfaceOrientations_iPad = "UIInterfaceOrientationPortrait UIInterfaceOrientationPortraitUpsideDown UIInterfaceOrientationLandscapeLeft UIInterfaceOrientationLandscapeRight";
				INFOPLIST_KEY_UISupportedInterfaceOrientations_iPhone = "UIInterfaceOrientationPortrait UIInterfaceOrientationLandscapeLeft UIInterfaceOrientationLandscapeRight";
				IPHONEOS_DEPLOYMENT_TARGET = 17.5;
				LD_RUNPATH_SEARCH_PATHS = "@executable_path/Frameworks";
				"LD_RUNPATH_SEARCH_PATHS[sdk=macosx*]" = "@executable_path/../Frameworks";
				MACOSX_DEPLOYMENT_TARGET = 14.4;
				MARKETING_VERSION = 1.0;
				PRODUCT_BUNDLE_IDENTIFIER = chakuy.com.VPOIOS;
				PRODUCT_NAME = "$(TARGET_NAME)";
				SDKROOT = auto;
				SUPPORTED_PLATFORMS = "iphoneos iphonesimulator macosx";
				SWIFT_EMIT_LOC_STRINGS = YES;
				SWIFT_VERSION = 5.0;
				TARGETED_DEVICE_FAMILY = "1,2";
			};
			name = Debug;
		};
		844988972C061AF700EC4F0B /* Release */ = {
			isa = XCBuildConfiguration;
			buildSettings = {
				ASSETCATALOG_COMPILER_APPICON_NAME = AppIcon;
				ASSETCATALOG_COMPILER_GLOBAL_ACCENT_COLOR_NAME = AccentColor;
				CODE_SIGN_ENTITLEMENTS = VPOIOS/VPOIOS.entitlements;
				CODE_SIGN_STYLE = Automatic;
				CURRENT_PROJECT_VERSION = 1;
				DEVELOPMENT_ASSET_PATHS = "\"VPOIOS/Preview Content\"";
				DEVELOPMENT_TEAM = 3G52V4Z5KC;
				ENABLE_HARDENED_RUNTIME = YES;
				ENABLE_PREVIEWS = YES;
				GENERATE_INFOPLIST_FILE = YES;
				"INFOPLIST_KEY_UIApplicationSceneManifest_Generation[sdk=iphoneos*]" = YES;
				"INFOPLIST_KEY_UIApplicationSceneManifest_Generation[sdk=iphonesimulator*]" = YES;
				"INFOPLIST_KEY_UIApplicationSupportsIndirectInputEvents[sdk=iphoneos*]" = YES;
				"INFOPLIST_KEY_UIApplicationSupportsIndirectInputEvents[sdk=iphonesimulator*]" = YES;
				"INFOPLIST_KEY_UILaunchScreen_Generation[sdk=iphoneos*]" = YES;
				"INFOPLIST_KEY_UILaunchScreen_Generation[sdk=iphonesimulator*]" = YES;
				"INFOPLIST_KEY_UIStatusBarStyle[sdk=iphoneos*]" = UIStatusBarStyleDefault;
				"INFOPLIST_KEY_UIStatusBarStyle[sdk=iphonesimulator*]" = UIStatusBarStyleDefault;
				INFOPLIST_KEY_UISupportedInterfaceOrientations_iPad = "UIInterfaceOrientationPortrait UIInterfaceOrientationPortraitUpsideDown UIInterfaceOrientationLandscapeLeft UIInterfaceOrientationLandscapeRight";
				INFOPLIST_KEY_UISupportedInterfaceOrientations_iPhone = "UIInterfaceOrientationPortrait UIInterfaceOrientationLandscapeLeft UIInterfaceOrientationLandscapeRight";
				IPHONEOS_DEPLOYMENT_TARGET = 17.5;
				LD_RUNPATH_SEARCH_PATHS = "@executable_path/Frameworks";
				"LD_RUNPATH_SEARCH_PATHS[sdk=macosx*]" = "@executable_path/../Frameworks";
				MACOSX_DEPLOYMENT_TARGET = 14.4;
				MARKETING_VERSION = 1.0;
				PRODUCT_BUNDLE_IDENTIFIER = chakuy.com.VPOIOS;
				PRODUCT_NAME = "$(TARGET_NAME)";
				SDKROOT = auto;
				SUPPORTED_PLATFORMS = "iphoneos iphonesimulator macosx";
				SWIFT_EMIT_LOC_STRINGS = YES;
				SWIFT_VERSION = 5.0;
				TARGETED_DEVICE_FAMILY = "1,2";
			};
			name = Release;
		};
		844988992C061AF700EC4F0B /* Debug */ = {
			isa = XCBuildConfiguration;
			buildSettings = {
				ALWAYS_EMBED_SWIFT_STANDARD_LIBRARIES = YES;
				BUNDLE_LOADER = "$(TEST_HOST)";
				CODE_SIGN_STYLE = Automatic;
				CURRENT_PROJECT_VERSION = 1;
				DEVELOPMENT_TEAM = 3G52V4Z5KC;
				GENERATE_INFOPLIST_FILE = YES;
				IPHONEOS_DEPLOYMENT_TARGET = 17.5;
				MACOSX_DEPLOYMENT_TARGET = 14.4;
				MARKETING_VERSION = 1.0;
				PRODUCT_BUNDLE_IDENTIFIER = chakuy.com.VPOIOSTests;
				PRODUCT_NAME = "$(TARGET_NAME)";
				SDKROOT = auto;
				SUPPORTED_PLATFORMS = "iphoneos iphonesimulator macosx";
				SWIFT_EMIT_LOC_STRINGS = NO;
				SWIFT_VERSION = 5.0;
				TARGETED_DEVICE_FAMILY = "1,2";
				TEST_HOST = "$(BUILT_PRODUCTS_DIR)/VPOIOS.app/$(BUNDLE_EXECUTABLE_FOLDER_PATH)/VPOIOS";
			};
			name = Debug;
		};
		8449889A2C061AF700EC4F0B /* Release */ = {
			isa = XCBuildConfiguration;
			buildSettings = {
				ALWAYS_EMBED_SWIFT_STANDARD_LIBRARIES = YES;
				BUNDLE_LOADER = "$(TEST_HOST)";
				CODE_SIGN_STYLE = Automatic;
				CURRENT_PROJECT_VERSION = 1;
				DEVELOPMENT_TEAM = 3G52V4Z5KC;
				GENERATE_INFOPLIST_FILE = YES;
				IPHONEOS_DEPLOYMENT_TARGET = 17.5;
				MACOSX_DEPLOYMENT_TARGET = 14.4;
				MARKETING_VERSION = 1.0;
				PRODUCT_BUNDLE_IDENTIFIER = chakuy.com.VPOIOSTests;
				PRODUCT_NAME = "$(TARGET_NAME)";
				SDKROOT = auto;
				SUPPORTED_PLATFORMS = "iphoneos iphonesimulator macosx";
				SWIFT_EMIT_LOC_STRINGS = NO;
				SWIFT_VERSION = 5.0;
				TARGETED_DEVICE_FAMILY = "1,2";
				TEST_HOST = "$(BUILT_PRODUCTS_DIR)/VPOIOS.app/$(BUNDLE_EXECUTABLE_FOLDER_PATH)/VPOIOS";
			};
			name = Release;
		};
		8449889C2C061AF700EC4F0B /* Debug */ = {
			isa = XCBuildConfiguration;
			buildSettings = {
				ALWAYS_EMBED_SWIFT_STANDARD_LIBRARIES = YES;
				CODE_SIGN_STYLE = Automatic;
				CURRENT_PROJECT_VERSION = 1;
				DEVELOPMENT_TEAM = 3G52V4Z5KC;
				GENERATE_INFOPLIST_FILE = YES;
				IPHONEOS_DEPLOYMENT_TARGET = 17.5;
				MACOSX_DEPLOYMENT_TARGET = 14.4;
				MARKETING_VERSION = 1.0;
				PRODUCT_BUNDLE_IDENTIFIER = chakuy.com.VPOIOSUITests;
				PRODUCT_NAME = "$(TARGET_NAME)";
				SDKROOT = auto;
				SUPPORTED_PLATFORMS = "iphoneos iphonesimulator macosx";
				SWIFT_EMIT_LOC_STRINGS = NO;
				SWIFT_VERSION = 5.0;
				TARGETED_DEVICE_FAMILY = "1,2";
				TEST_TARGET_NAME = VPOIOS;
			};
			name = Debug;
		};
		8449889D2C061AF700EC4F0B /* Release */ = {
			isa = XCBuildConfiguration;
			buildSettings = {
				ALWAYS_EMBED_SWIFT_STANDARD_LIBRARIES = YES;
				CODE_SIGN_STYLE = Automatic;
				CURRENT_PROJECT_VERSION = 1;
				DEVELOPMENT_TEAM = 3G52V4Z5KC;
				GENERATE_INFOPLIST_FILE = YES;
				IPHONEOS_DEPLOYMENT_TARGET = 17.5;
				MACOSX_DEPLOYMENT_TARGET = 14.4;
				MARKETING_VERSION = 1.0;
				PRODUCT_BUNDLE_IDENTIFIER = chakuy.com.VPOIOSUITests;
				PRODUCT_NAME = "$(TARGET_NAME)";
				SDKROOT = auto;
				SUPPORTED_PLATFORMS = "iphoneos iphonesimulator macosx";
				SWIFT_EMIT_LOC_STRINGS = NO;
				SWIFT_VERSION = 5.0;
				TARGETED_DEVICE_FAMILY = "1,2";
				TEST_TARGET_NAME = VPOIOS;
			};
			name = Release;
		};
/* End XCBuildConfiguration section */

/* Begin XCConfigurationList section */
		8449886B2C061AF400EC4F0B /* Build configuration list for PBXProject "VPOIOS" */ = {
			isa = XCConfigurationList;
			buildConfigurations = (
				844988932C061AF700EC4F0B /* Debug */,
				844988942C061AF700EC4F0B /* Release */,
			);
			defaultConfigurationIsVisible = 0;
			defaultConfigurationName = Release;
		};
		844988952C061AF700EC4F0B /* Build configuration list for PBXNativeTarget "VPOIOS" */ = {
			isa = XCConfigurationList;
			buildConfigurations = (
				844988962C061AF700EC4F0B /* Debug */,
				844988972C061AF700EC4F0B /* Release */,
			);
			defaultConfigurationIsVisible = 0;
			defaultConfigurationName = Release;
		};
		844988982C061AF700EC4F0B /* Build configuration list for PBXNativeTarget "VPOIOSTests" */ = {
			isa = XCConfigurationList;
			buildConfigurations = (
				844988992C061AF700EC4F0B /* Debug */,
				8449889A2C061AF700EC4F0B /* Release */,
			);
			defaultConfigurationIsVisible = 0;
			defaultConfigurationName = Release;
		};
		8449889B2C061AF700EC4F0B /* Build configuration list for PBXNativeTarget "VPOIOSUITests" */ = {
			isa = XCConfigurationList;
			buildConfigurations = (
				8449889C2C061AF700EC4F0B /* Debug */,
				8449889D2C061AF700EC4F0B /* Release */,
			);
			defaultConfigurationIsVisible = 0;
			defaultConfigurationName = Release;
		};
/* End XCConfigurationList section */
	};
	rootObject = 844988682C061AF400EC4F0B /* Project object */;
}
